
Microsoft Visual Studio Solution File, Format Version 12.00
# Visual Studio Version 17
VisualStudioVersion = 17.5.2.0
MinimumVisualStudioVersion = 10.0.40219.1
Project("{2150E333-8FDC-42A3-9474-1A3956D46DE8}") = "Backend", "Backend", "{1AE8ACA6-933B-BF2A-3671-3E2EAC007D16}"
EndProject
Project("{2150E333-8FDC-42A3-9474-1A3956D46DE8}") = "Core", "Core", "{E7B56692-2A07-7CC2-44BD-771EBB36F70B}"
EndProject
Project("{FAE04EC0-301F-11D3-BF4B-00C04F79EFBC}") = "Core.Authentication", "Backend\Core\Core.Authentication\Core.Authentication.csproj", "{16E063DE-10C7-4D09-9B4A-9A25552026FE}"
EndProject
Project("{FAE04EC0-301F-11D3-BF4B-00C04F79EFBC}") = "Core.Logging", "Backend\Core\Core.Logging\Core.Logging.csproj", "{19606B3A-54EF-4439-B861-B386AB8B0951}"
EndProject
Project("{FAE04EC0-301F-11D3-BF4B-00C04F79EFBC}") = "Core.CQRS", "Backend\Core\Core.CQRS\Core.CQRS.csproj", "{66113C45-4DEA-40F8-869E-98A254F0E64E}"
EndProject
Project("{FAE04EC0-301F-11D3-BF4B-00C04F79EFBC}") = "Core.HttpClient", "Backend\Core\Core.HttpClient\Core.HttpClient.csproj", "{32CC507B-A97B-4582-A91E-7127B3721411}"
EndProject
Project("{FAE04EC0-301F-11D3-BF4B-00C04F79EFBC}") = "Core.Persistence", "Backend\Core\Core.Persistence\Core.Persistence.csproj", "{57FF1F13-2B15-4D18-AA6D-9F582D28E0CD}"
EndProject
Project("{FAE04EC0-301F-11D3-BF4B-00C04F79EFBC}") = "Core", "Backend\Core\Core\Core.csproj", "{F1E2D3C4-5A6B-7C8D-9E0F-1A2B3C4D5E6F}"
EndProject
Project("{2150E333-8FDC-42A3-9474-1A3956D46DE8}") = "Database", "Database", "{EE7D5C40-CE64-762A-5D4C-D6892A30AE57}"
EndProject
Project("{FAE04EC0-301F-11D3-BF4B-00C04F79EFBC}") = "Movora.Database", "Backend\Database\Movora.Database\Movora.Database.csproj", "{D66D53FF-9AB5-4EC5-91ED-2FF56EFAAB16}"
EndProject
Project("{FAE04EC0-301F-11D3-BF4B-00C04F79EFBC}") = "Movora.Infrastructure", "Backend\Movora.Infrastructure\Movora.Infrastructure.csproj", "{DE9EF547-2F3E-4696-982A-8D54AF125627}"
EndProject
Project("{FAE04EC0-301F-11D3-BF4B-00C04F79EFBC}") = "Movora.Application", "Backend\Movora.Application\Movora.Application.csproj", "{717A0E1E-0336-4653-A968-7E0BCB73E064}"
EndProject
Project("{FAE04EC0-301F-11D3-BF4B-00C04F79EFBC}") = "Movora.WebAPI", "Backend\Movora.WebAPI\Movora.WebAPI.csproj", "{0013BFB7-4ECB-452B-AB84-A5B73845955A}"
EndProject
Project("{FAE04EC0-301F-11D3-BF4B-00C04F79EFBC}") = "Movora.Domain", "Backend\Movora.Domain\Movora.Domain.csproj", "{2A3B4C5D-6E7F-8A9B-0C1D-2E3F4A5B6C7D}"
EndProject
Global
	GlobalSection(SolutionConfigurationPlatforms) = preSolution
		Debug|Any CPU = Debug|Any CPU
		Debug|x64 = Debug|x64
		Debug|x86 = Debug|x86
		Release|Any CPU = Release|Any CPU
		Release|x64 = Release|x64
		Release|x86 = Release|x86
	EndGlobalSection
	GlobalSection(ProjectConfigurationPlatforms) = postSolution
		{16E063DE-10C7-4D09-9B4A-9A25552026FE}.Debug|Any CPU.ActiveCfg = Debug|Any CPU
		{16E063DE-10C7-4D09-9B4A-9A25552026FE}.Debug|Any CPU.Build.0 = Debug|Any CPU
		{16E063DE-10C7-4D09-9B4A-9A25552026FE}.Debug|x64.ActiveCfg = Debug|Any CPU
		{16E063DE-10C7-4D09-9B4A-9A25552026FE}.Debug|x64.Build.0 = Debug|Any CPU
		{16E063DE-10C7-4D09-9B4A-9A25552026FE}.Debug|x86.ActiveCfg = Debug|Any CPU
		{16E063DE-10C7-4D09-9B4A-9A25552026FE}.Debug|x86.Build.0 = Debug|Any CPU
		{16E063DE-10C7-4D09-9B4A-9A25552026FE}.Release|Any CPU.ActiveCfg = Release|Any CPU
		{16E063DE-10C7-4D09-9B4A-9A25552026FE}.Release|Any CPU.Build.0 = Release|Any CPU
		{16E063DE-10C7-4D09-9B4A-9A25552026FE}.Release|x64.ActiveCfg = Release|Any CPU
		{16E063DE-10C7-4D09-9B4A-9A25552026FE}.Release|x64.Build.0 = Release|Any CPU
		{16E063DE-10C7-4D09-9B4A-9A25552026FE}.Release|x86.ActiveCfg = Release|Any CPU
		{16E063DE-10C7-4D09-9B4A-9A25552026FE}.Release|x86.Build.0 = Release|Any CPU
		{19606B3A-54EF-4439-B861-B386AB8B0951}.Debug|Any CPU.ActiveCfg = Debug|Any CPU
		{19606B3A-54EF-4439-B861-B386AB8B0951}.Debug|Any CPU.Build.0 = Debug|Any CPU
		{19606B3A-54EF-4439-B861-B386AB8B0951}.Debug|x64.ActiveCfg = Debug|Any CPU
		{19606B3A-54EF-4439-B861-B386AB8B0951}.Debug|x64.Build.0 = Debug|Any CPU
		{19606B3A-54EF-4439-B861-B386AB8B0951}.Debug|x86.ActiveCfg = Debug|Any CPU
		{19606B3A-54EF-4439-B861-B386AB8B0951}.Debug|x86.Build.0 = Debug|Any CPU
		{19606B3A-54EF-4439-B861-B386AB8B0951}.Release|Any CPU.ActiveCfg = Release|Any CPU
		{19606B3A-54EF-4439-B861-B386AB8B0951}.Release|Any CPU.Build.0 = Release|Any CPU
		{19606B3A-54EF-4439-B861-B386AB8B0951}.Release|x64.ActiveCfg = Release|Any CPU
		{19606B3A-54EF-4439-B861-B386AB8B0951}.Release|x64.Build.0 = Release|Any CPU
		{19606B3A-54EF-4439-B861-B386AB8B0951}.Release|x86.ActiveCfg = Release|Any CPU
		{19606B3A-54EF-4439-B861-B386AB8B0951}.Release|x86.Build.0 = Release|Any CPU
		{66113C45-4DEA-40F8-869E-98A254F0E64E}.Debug|Any CPU.ActiveCfg = Debug|Any CPU
		{66113C45-4DEA-40F8-869E-98A254F0E64E}.Debug|Any CPU.Build.0 = Debug|Any CPU
		{66113C45-4DEA-40F8-869E-98A254F0E64E}.Debug|x64.ActiveCfg = Debug|Any CPU
		{66113C45-4DEA-40F8-869E-98A254F0E64E}.Debug|x64.Build.0 = Debug|Any CPU
		{66113C45-4DEA-40F8-869E-98A254F0E64E}.Debug|x86.ActiveCfg = Debug|Any CPU
		{66113C45-4DEA-40F8-869E-98A254F0E64E}.Debug|x86.Build.0 = Debug|Any CPU
		{66113C45-4DEA-40F8-869E-98A254F0E64E}.Release|Any CPU.ActiveCfg = Release|Any CPU
		{66113C45-4DEA-40F8-869E-98A254F0E64E}.Release|Any CPU.Build.0 = Release|Any CPU
		{66113C45-4DEA-40F8-869E-98A254F0E64E}.Release|x64.ActiveCfg = Release|Any CPU
		{66113C45-4DEA-40F8-869E-98A254F0E64E}.Release|x64.Build.0 = Release|Any CPU
		{66113C45-4DEA-40F8-869E-98A254F0E64E}.Release|x86.ActiveCfg = Release|Any CPU
		{66113C45-4DEA-40F8-869E-98A254F0E64E}.Release|x86.Build.0 = Release|Any CPU
		{32CC507B-A97B-4582-A91E-7127B3721411}.Debug|Any CPU.ActiveCfg = Debug|Any CPU
		{32CC507B-A97B-4582-A91E-7127B3721411}.Debug|Any CPU.Build.0 = Debug|Any CPU
		{32CC507B-A97B-4582-A91E-7127B3721411}.Debug|x64.ActiveCfg = Debug|Any CPU
		{32CC507B-A97B-4582-A91E-7127B3721411}.Debug|x64.Build.0 = Debug|Any CPU
		{32CC507B-A97B-4582-A91E-7127B3721411}.Debug|x86.ActiveCfg = Debug|Any CPU
		{32CC507B-A97B-4582-A91E-7127B3721411}.Debug|x86.Build.0 = Debug|Any CPU
		{32CC507B-A97B-4582-A91E-7127B3721411}.Release|Any CPU.ActiveCfg = Release|Any CPU
		{32CC507B-A97B-4582-A91E-7127B3721411}.Release|Any CPU.Build.0 = Release|Any CPU
		{32CC507B-A97B-4582-A91E-7127B3721411}.Release|x64.ActiveCfg = Release|Any CPU
		{32CC507B-A97B-4582-A91E-7127B3721411}.Release|x64.Build.0 = Release|Any CPU
		{32CC507B-A97B-4582-A91E-7127B3721411}.Release|x86.ActiveCfg = Release|Any CPU
		{32CC507B-A97B-4582-A91E-7127B3721411}.Release|x86.Build.0 = Release|Any CPU
		{57FF1F13-2B15-4D18-AA6D-9F582D28E0CD}.Debug|Any CPU.ActiveCfg = Debug|Any CPU
		{57FF1F13-2B15-4D18-AA6D-9F582D28E0CD}.Debug|Any CPU.Build.0 = Debug|Any CPU
		{57FF1F13-2B15-4D18-AA6D-9F582D28E0CD}.Debug|x64.ActiveCfg = Debug|Any CPU
		{57FF1F13-2B15-4D18-AA6D-9F582D28E0CD}.Debug|x64.Build.0 = Debug|Any CPU
		{57FF1F13-2B15-4D18-AA6D-9F582D28E0CD}.Debug|x86.ActiveCfg = Debug|Any CPU
		{57FF1F13-2B15-4D18-AA6D-9F582D28E0CD}.Debug|x86.Build.0 = Debug|Any CPU
		{57FF1F13-2B15-4D18-AA6D-9F582D28E0CD}.Release|Any CPU.ActiveCfg = Release|Any CPU
		{57FF1F13-2B15-4D18-AA6D-9F582D28E0CD}.Release|Any CPU.Build.0 = Release|Any CPU
		{57FF1F13-2B15-4D18-AA6D-9F582D28E0CD}.Release|x64.ActiveCfg = Release|Any CPU
		{57FF1F13-2B15-4D18-AA6D-9F582D28E0CD}.Release|x64.Build.0 = Release|Any CPU
		{57FF1F13-2B15-4D18-AA6D-9F582D28E0CD}.Release|x86.ActiveCfg = Release|Any CPU
		{57FF1F13-2B15-4D18-AA6D-9F582D28E0CD}.Release|x86.Build.0 = Release|Any CPU
		{F1E2D3C4-5A6B-7C8D-9E0F-1A2B3C4D5E6F}.Debug|Any CPU.ActiveCfg = Debug|Any CPU
		{F1E2D3C4-5A6B-7C8D-9E0F-1A2B3C4D5E6F}.Debug|Any CPU.Build.0 = Debug|Any CPU
		{F1E2D3C4-5A6B-7C8D-9E0F-1A2B3C4D5E6F}.Debug|x64.ActiveCfg = Debug|Any CPU
		{F1E2D3C4-5A6B-7C8D-9E0F-1A2B3C4D5E6F}.Debug|x64.Build.0 = Debug|Any CPU
		{F1E2D3C4-5A6B-7C8D-9E0F-1A2B3C4D5E6F}.Debug|x86.ActiveCfg = Debug|Any CPU
		{F1E2D3C4-5A6B-7C8D-9E0F-1A2B3C4D5E6F}.Debug|x86.Build.0 = Debug|Any CPU
		{F1E2D3C4-5A6B-7C8D-9E0F-1A2B3C4D5E6F}.Release|Any CPU.ActiveCfg = Release|Any CPU
		{F1E2D3C4-5A6B-7C8D-9E0F-1A2B3C4D5E6F}.Release|Any CPU.Build.0 = Release|Any CPU
		{F1E2D3C4-5A6B-7C8D-9E0F-1A2B3C4D5E6F}.Release|x64.ActiveCfg = Release|Any CPU
		{F1E2D3C4-5A6B-7C8D-9E0F-1A2B3C4D5E6F}.Release|x64.Build.0 = Release|Any CPU
		{F1E2D3C4-5A6B-7C8D-9E0F-1A2B3C4D5E6F}.Release|x86.ActiveCfg = Release|Any CPU
		{F1E2D3C4-5A6B-7C8D-9E0F-1A2B3C4D5E6F}.Release|x86.Build.0 = Release|Any CPU
		{D66D53FF-9AB5-4EC5-91ED-2FF56EFAAB16}.Debug|Any CPU.ActiveCfg = Debug|Any CPU
		{D66D53FF-9AB5-4EC5-91ED-2FF56EFAAB16}.Debug|Any CPU.Build.0 = Debug|Any CPU
		{D66D53FF-9AB5-4EC5-91ED-2FF56EFAAB16}.Debug|x64.ActiveCfg = Debug|Any CPU
		{D66D53FF-9AB5-4EC5-91ED-2FF56EFAAB16}.Debug|x64.Build.0 = Debug|Any CPU
		{D66D53FF-9AB5-4EC5-91ED-2FF56EFAAB16}.Debug|x86.ActiveCfg = Debug|Any CPU
		{D66D53FF-9AB5-4EC5-91ED-2FF56EFAAB16}.Debug|x86.Build.0 = Debug|Any CPU
		{D66D53FF-9AB5-4EC5-91ED-2FF56EFAAB16}.Release|Any CPU.ActiveCfg = Release|Any CPU
		{D66D53FF-9AB5-4EC5-91ED-2FF56EFAAB16}.Release|Any CPU.Build.0 = Release|Any CPU
		{D66D53FF-9AB5-4EC5-91ED-2FF56EFAAB16}.Release|x64.ActiveCfg = Release|Any CPU
		{D66D53FF-9AB5-4EC5-91ED-2FF56EFAAB16}.Release|x64.Build.0 = Release|Any CPU
		{D66D53FF-9AB5-4EC5-91ED-2FF56EFAAB16}.Release|x86.ActiveCfg = Release|Any CPU
		{D66D53FF-9AB5-4EC5-91ED-2FF56EFAAB16}.Release|x86.Build.0 = Release|Any CPU
		{DE9EF547-2F3E-4696-982A-8D54AF125627}.Debug|Any CPU.ActiveCfg = Debug|Any CPU
		{DE9EF547-2F3E-4696-982A-8D54AF125627}.Debug|Any CPU.Build.0 = Debug|Any CPU
		{DE9EF547-2F3E-4696-982A-8D54AF125627}.Debug|x64.ActiveCfg = Debug|Any CPU
		{DE9EF547-2F3E-4696-982A-8D54AF125627}.Debug|x64.Build.0 = Debug|Any CPU
		{DE9EF547-2F3E-4696-982A-8D54AF125627}.Debug|x86.ActiveCfg = Debug|Any CPU
		{DE9EF547-2F3E-4696-982A-8D54AF125627}.Debug|x86.Build.0 = Debug|Any CPU
		{DE9EF547-2F3E-4696-982A-8D54AF125627}.Release|Any CPU.ActiveCfg = Release|Any CPU
		{DE9EF547-2F3E-4696-982A-8D54AF125627}.Release|Any CPU.Build.0 = Release|Any CPU
		{DE9EF547-2F3E-4696-982A-8D54AF125627}.Release|x64.ActiveCfg = Release|Any CPU
		{DE9EF547-2F3E-4696-982A-8D54AF125627}.Release|x64.Build.0 = Release|Any CPU
		{DE9EF547-2F3E-4696-982A-8D54AF125627}.Release|x86.ActiveCfg = Release|Any CPU
		{DE9EF547-2F3E-4696-982A-8D54AF125627}.Release|x86.Build.0 = Release|Any CPU
		{717A0E1E-0336-4653-A968-7E0BCB73E064}.Debug|Any CPU.ActiveCfg = Debug|Any CPU
		{717A0E1E-0336-4653-A968-7E0BCB73E064}.Debug|Any CPU.Build.0 = Debug|Any CPU
		{717A0E1E-0336-4653-A968-7E0BCB73E064}.Debug|x64.ActiveCfg = Debug|Any CPU
		{717A0E1E-0336-4653-A968-7E0BCB73E064}.Debug|x64.Build.0 = Debug|Any CPU
		{717A0E1E-0336-4653-A968-7E0BCB73E064}.Debug|x86.ActiveCfg = Debug|Any CPU
		{717A0E1E-0336-4653-A968-7E0BCB73E064}.Debug|x86.Build.0 = Debug|Any CPU
		{717A0E1E-0336-4653-A968-7E0BCB73E064}.Release|Any CPU.ActiveCfg = Release|Any CPU
		{717A0E1E-0336-4653-A968-7E0BCB73E064}.Release|Any CPU.Build.0 = Release|Any CPU
		{717A0E1E-0336-4653-A968-7E0BCB73E064}.Release|x64.ActiveCfg = Release|Any CPU
		{717A0E1E-0336-4653-A968-7E0BCB73E064}.Release|x64.Build.0 = Release|Any CPU
		{717A0E1E-0336-4653-A968-7E0BCB73E064}.Release|x86.ActiveCfg = Release|Any CPU
		{717A0E1E-0336-4653-A968-7E0BCB73E064}.Release|x86.Build.0 = Release|Any CPU
		{0013BFB7-4ECB-452B-AB84-A5B73845955A}.Debug|Any CPU.ActiveCfg = Debug|Any CPU
		{0013BFB7-4ECB-452B-AB84-A5B73845955A}.Debug|Any CPU.Build.0 = Debug|Any CPU
		{0013BFB7-4ECB-452B-AB84-A5B73845955A}.Debug|x64.ActiveCfg = Debug|Any CPU
		{0013BFB7-4ECB-452B-AB84-A5B73845955A}.Debug|x64.Build.0 = Debug|Any CPU
		{0013BFB7-4ECB-452B-AB84-A5B73845955A}.Debug|x86.ActiveCfg = Debug|Any CPU
		{0013BFB7-4ECB-452B-AB84-A5B73845955A}.Debug|x86.Build.0 = Debug|Any CPU
		{0013BFB7-4ECB-452B-AB84-A5B73845955A}.Release|Any CPU.ActiveCfg = Release|Any CPU
		{0013BFB7-4ECB-452B-AB84-A5B73845955A}.Release|Any CPU.Build.0 = Release|Any CPU
		{0013BFB7-4ECB-452B-AB84-A5B73845955A}.Release|x64.ActiveCfg = Release|Any CPU
		{0013BFB7-4ECB-452B-AB84-A5B73845955A}.Release|x64.Build.0 = Release|Any CPU
		{0013BFB7-4ECB-452B-AB84-A5B73845955A}.Release|x86.ActiveCfg = Release|Any CPU
		{0013BFB7-4ECB-452B-AB84-A5B73845955A}.Release|x86.Build.0 = Release|Any CPU
		{2A3B4C5D-6E7F-8A9B-0C1D-2E3F4A5B6C7D}.Debug|Any CPU.ActiveCfg = Debug|Any CPU
		{2A3B4C5D-6E7F-8A9B-0C1D-2E3F4A5B6C7D}.Debug|Any CPU.Build.0 = Debug|Any CPU
		{2A3B4C5D-6E7F-8A9B-0C1D-2E3F4A5B6C7D}.Debug|x64.ActiveCfg = Debug|Any CPU
		{2A3B4C5D-6E7F-8A9B-0C1D-2E3F4A5B6C7D}.Debug|x64.Build.0 = Debug|Any CPU
		{2A3B4C5D-6E7F-8A9B-0C1D-2E3F4A5B6C7D}.Debug|x86.ActiveCfg = Debug|Any CPU
		{2A3B4C5D-6E7F-8A9B-0C1D-2E3F4A5B6C7D}.Debug|x86.Build.0 = Debug|Any CPU
		{2A3B4C5D-6E7F-8A9B-0C1D-2E3F4A5B6C7D}.Release|Any CPU.ActiveCfg = Release|Any CPU
		{2A3B4C5D-6E7F-8A9B-0C1D-2E3F4A5B6C7D}.Release|Any CPU.Build.0 = Release|Any CPU
		{2A3B4C5D-6E7F-8A9B-0C1D-2E3F4A5B6C7D}.Release|x64.ActiveCfg = Release|Any CPU
		{2A3B4C5D-6E7F-8A9B-0C1D-2E3F4A5B6C7D}.Release|x64.Build.0 = Release|Any CPU
		{2A3B4C5D-6E7F-8A9B-0C1D-2E3F4A5B6C7D}.Release|x86.ActiveCfg = Release|Any CPU
		{2A3B4C5D-6E7F-8A9B-0C1D-2E3F4A5B6C7D}.Release|x86.Build.0 = Release|Any CPU
	EndGlobalSection
	GlobalSection(SolutionProperties) = preSolution
		HideSolutionNode = FALSE
	EndGlobalSection
	GlobalSection(NestedProjects) = preSolution
		{E7B56692-2A07-7CC2-44BD-771EBB36F70B} = {1AE8ACA6-933B-BF2A-3671-3E2EAC007D16}
		{16E063DE-10C7-4D09-9B4A-9A25552026FE} = {E7B56692-2A07-7CC2-44BD-771EBB36F70B}
		{19606B3A-54EF-4439-B861-B386AB8B0951} = {E7B56692-2A07-7CC2-44BD-771EBB36F70B}
		{66113C45-4DEA-40F8-869E-98A254F0E64E} = {E7B56692-2A07-7CC2-44BD-771EBB36F70B}
		{32CC507B-A97B-4582-A91E-7127B3721411} = {E7B56692-2A07-7CC2-44BD-771EBB36F70B}
		{57FF1F13-2B15-4D18-AA6D-9F582D28E0CD} = {E7B56692-2A07-7CC2-44BD-771EBB36F70B}
		{F1E2D3C4-5A6B-7C8D-9E0F-1A2B3C4D5E6F} = {E7B56692-2A07-7CC2-44BD-771EBB36F70B}
		{EE7D5C40-CE64-762A-5D4C-D6892A30AE57} = {1AE8ACA6-933B-BF2A-3671-3E2EAC007D16}
		{D66D53FF-9AB5-4EC5-91ED-2FF56EFAAB16} = {EE7D5C40-CE64-762A-5D4C-D6892A30AE57}
		{DE9EF547-2F3E-4696-982A-8D54AF125627} = {1AE8ACA6-933B-BF2A-3671-3E2EAC007D16}
		{717A0E1E-0336-4653-A968-7E0BCB73E064} = {1AE8ACA6-933B-BF2A-3671-3E2EAC007D16}
		{0013BFB7-4ECB-452B-AB84-A5B73845955A} = {1AE8ACA6-933B-BF2A-3671-3E2EAC007D16}
		{2A3B4C5D-6E7F-8A9B-0C1D-2E3F4A5B6C7D} = {1AE8ACA6-933B-BF2A-3671-3E2EAC007D16}
	EndGlobalSection
	GlobalSection(ExtensibilityGlobals) = postSolution
		SolutionGuid = {E81861D9-8602-4DBD-BB3B-AE0127F2145A}
	EndGlobalSection
EndGlobal
